
Microsoft Visual Studio Solution File, Format Version 12.00
# Visual Studio Version 17
VisualStudioVersion = 17.1.32210.238
MinimumVisualStudioVersion = 10.0.40219.1
Project("{9A19103F-16F7-4668-BE54-9A1E7A4F7556}") = "OverbeeredTGNewsAggregatorBot.Server", "OverbeeredTGNewsAggregatorBot.Server\OverbeeredTGNewsAggregatorBot.Server.csproj", "{6B07F857-0524-4C63-AA39-4FD4CF2B1F9D}"
EndProject
Project("{9A19103F-16F7-4668-BE54-9A1E7A4F7556}") = "OverbeeredTGNewsAggregatorBot.Core", "OverbeeredTGNewsAggregatorBot.Core\OverbeeredTGNewsAggregatorBot.Core.csproj", "{732CA264-510E-4645-A845-27AB297CE037}"
EndProject
Project("{2150E333-8FDC-42A3-9474-1A3956D46DE8}") = "Database", "Database", "{5FC5F1EB-ADAC-4F76-A127-2C4E270479BC}"
EndProject
Project("{9A19103F-16F7-4668-BE54-9A1E7A4F7556}") = "OverbeeredTGNewsAggregatorBot.Context", "Database\OverbeeredTGNewsAggregatorBot.Context\OverbeeredTGNewsAggregatorBot.Context.csproj", "{074DDEA7-B5A4-4B60-BFE8-19864EE160E9}"
EndProject
Project("{9A19103F-16F7-4668-BE54-9A1E7A4F7556}") = "OverbeeredTGNewsAggregatorBot.Models", "Database\OverbeeredTGNewsAggregatorBot.Models\OverbeeredTGNewsAggregatorBot.Models.csproj", "{3DF67D36-02AF-4738-B0A2-1C3678AD1548}"
EndProject
Project("{9A19103F-16F7-4668-BE54-9A1E7A4F7556}") = "OverbeeredTGNewsAggregatorBot.Repositories", "Database\OverbeeredTGNewsAggregatorBot.Repositories\OverbeeredTGNewsAggregatorBot.Repositories.csproj", "{7DB39B86-0E71-4A09-AC8B-EE9047F48A89}"
EndProject
Global
	GlobalSection(SolutionConfigurationPlatforms) = preSolution
		Debug|Any CPU = Debug|Any CPU
		Release|Any CPU = Release|Any CPU
	EndGlobalSection
	GlobalSection(ProjectConfigurationPlatforms) = postSolution
		{6B07F857-0524-4C63-AA39-4FD4CF2B1F9D}.Debug|Any CPU.ActiveCfg = Debug|Any CPU
		{6B07F857-0524-4C63-AA39-4FD4CF2B1F9D}.Debug|Any CPU.Build.0 = Debug|Any CPU
		{6B07F857-0524-4C63-AA39-4FD4CF2B1F9D}.Release|Any CPU.ActiveCfg = Release|Any CPU
		{6B07F857-0524-4C63-AA39-4FD4CF2B1F9D}.Release|Any CPU.Build.0 = Release|Any CPU
		{732CA264-510E-4645-A845-27AB297CE037}.Debug|Any CPU.ActiveCfg = Debug|Any CPU
		{732CA264-510E-4645-A845-27AB297CE037}.Debug|Any CPU.Build.0 = Debug|Any CPU
		{732CA264-510E-4645-A845-27AB297CE037}.Release|Any CPU.ActiveCfg = Release|Any CPU
		{732CA264-510E-4645-A845-27AB297CE037}.Release|Any CPU.Build.0 = Release|Any CPU
		{074DDEA7-B5A4-4B60-BFE8-19864EE160E9}.Debug|Any CPU.ActiveCfg = Debug|Any CPU
		{074DDEA7-B5A4-4B60-BFE8-19864EE160E9}.Debug|Any CPU.Build.0 = Debug|Any CPU
		{074DDEA7-B5A4-4B60-BFE8-19864EE160E9}.Release|Any CPU.ActiveCfg = Release|Any CPU
		{074DDEA7-B5A4-4B60-BFE8-19864EE160E9}.Release|Any CPU.Build.0 = Release|Any CPU
		{3DF67D36-02AF-4738-B0A2-1C3678AD1548}.Debug|Any CPU.ActiveCfg = Debug|Any CPU
		{3DF67D36-02AF-4738-B0A2-1C3678AD1548}.Debug|Any CPU.Build.0 = Debug|Any CPU
		{3DF67D36-02AF-4738-B0A2-1C3678AD1548}.Release|Any CPU.ActiveCfg = Release|Any CPU
		{3DF67D36-02AF-4738-B0A2-1C3678AD1548}.Release|Any CPU.Build.0 = Release|Any CPU
		{7DB39B86-0E71-4A09-AC8B-EE9047F48A89}.Debug|Any CPU.ActiveCfg = Debug|Any CPU
		{7DB39B86-0E71-4A09-AC8B-EE9047F48A89}.Debug|Any CPU.Build.0 = Debug|Any CPU
		{7DB39B86-0E71-4A09-AC8B-EE9047F48A89}.Release|Any CPU.ActiveCfg = Release|Any CPU
		{7DB39B86-0E71-4A09-AC8B-EE9047F48A89}.Release|Any CPU.Build.0 = Release|Any CPU
	EndGlobalSection
	GlobalSection(SolutionProperties) = preSolution
		HideSolutionNode = FALSE
	EndGlobalSection
	GlobalSection(NestedProjects) = preSolution
		{074DDEA7-B5A4-4B60-BFE8-19864EE160E9} = {5FC5F1EB-ADAC-4F76-A127-2C4E270479BC}
		{3DF67D36-02AF-4738-B0A2-1C3678AD1548} = {5FC5F1EB-ADAC-4F76-A127-2C4E270479BC}
		{7DB39B86-0E71-4A09-AC8B-EE9047F48A89} = {5FC5F1EB-ADAC-4F76-A127-2C4E270479BC}
	EndGlobalSection
	GlobalSection(ExtensibilityGlobals) = postSolution
		SolutionGuid = {CDD1D1E0-2484-4405-B966-5DBB8EBADEF2}
	EndGlobalSection
EndGlobal
